
Microsoft Visual Studio Solution File, Format Version 12.00
# Visual Studio 2013
VisualStudioVersion = 12.0.31101.0
MinimumVisualStudioVersion = 10.0.40219.1
Project("{FAE04EC0-301F-11D3-BF4B-00C04F79EFBC}") = "ExemploTDD", "ExemploTDD\ExemploTDD.csproj", "{0C56E2A9-0481-45BE-B7CE-982A11FE59B9}"
EndProject
Project("{FAE04EC0-301F-11D3-BF4B-00C04F79EFBC}") = "ExemploTDD.Testes", "ExemploTDD.Testes\ExemploTDD.Testes.csproj", "{4C0B813A-AFBC-4ABC-8DD0-3DD22AF34182}"
EndProject
Global
	GlobalSection(SolutionConfigurationPlatforms) = preSolution
		Debug|Any CPU = Debug|Any CPU
		Release|Any CPU = Release|Any CPU
	EndGlobalSection
	GlobalSection(ProjectConfigurationPlatforms) = postSolution
		{0C56E2A9-0481-45BE-B7CE-982A11FE59B9}.Debug|Any CPU.ActiveCfg = Debug|Any CPU
		{0C56E2A9-0481-45BE-B7CE-982A11FE59B9}.Debug|Any CPU.Build.0 = Debug|Any CPU
		{0C56E2A9-0481-45BE-B7CE-982A11FE59B9}.Release|Any CPU.ActiveCfg = Release|Any CPU
		{0C56E2A9-0481-45BE-B7CE-982A11FE59B9}.Release|Any CPU.Build.0 = Release|Any CPU
		{4C0B813A-AFBC-4ABC-8DD0-3DD22AF34182}.Debug|Any CPU.ActiveCfg = Debug|Any CPU
		{4C0B813A-AFBC-4ABC-8DD0-3DD22AF34182}.Debug|Any CPU.Build.0 = Debug|Any CPU
		{4C0B813A-AFBC-4ABC-8DD0-3DD22AF34182}.Release|Any CPU.ActiveCfg = Release|Any CPU
		{4C0B813A-AFBC-4ABC-8DD0-3DD22AF34182}.Release|Any CPU.Build.0 = Release|Any CPU
	EndGlobalSection
	GlobalSection(SolutionProperties) = preSolution
		HideSolutionNode = FALSE
	EndGlobalSection
EndGlobal
